# This file is automatically @generated by Cargo.
# It is not intended for manual editing.
version = 3

[[package]]
name = "cheri"
version = "0.1.0"
source = "git+https://github.com/sabikura/cheri-rs.git#03dd7030fcf6347301ab798c5394a9892c9f5320"

[[package]]
name = "critical-section"
version = "1.2.0"
source = "registry+https://github.com/rust-lang/crates.io-index"
checksum = "790eea4361631c5e7d22598ecd5723ff611904e3344ce8720784c93e3d83d40b"

[[package]]
name = "pl011-uart"
version = "0.1.0"
dependencies = [
 "cheri",
 "critical-section",
 "tock-registers",
]

[[package]]
name = "tock-registers"
version = "0.10.1"
source = "registry+https://github.com/rust-lang/crates.io-index"
checksum = "8d2d250f87fb3fb6f225c907cf54381509f47b40b74b1d1f12d2dccbc915bdfe"
